
Microsoft Visual Studio Solution File, Format Version 12.00
# Visual Studio 15
VisualStudioVersion = 15.0.28307.1972
MinimumVisualStudioVersion = 10.0.40219.1
Project("{FAE04EC0-301F-11D3-BF4B-00C04F79EFBC}") = "Homework1", "Homework1\Homework1.csproj", "{CE1E50E8-ECFC-4C2A-8B9A-D66B11DBC54F}"
EndProject
Global
	GlobalSection(SolutionConfigurationPlatforms) = preSolution
		Debug|Any CPU = Debug|Any CPU
		Release|Any CPU = Release|Any CPU
	EndGlobalSection
	GlobalSection(ProjectConfigurationPlatforms) = postSolution
		{CE1E50E8-ECFC-4C2A-8B9A-D66B11DBC54F}.Debug|Any CPU.ActiveCfg = Debug|Any CPU
		{CE1E50E8-ECFC-4C2A-8B9A-D66B11DBC54F}.Debug|Any CPU.Build.0 = Debug|Any CPU
		{CE1E50E8-ECFC-4C2A-8B9A-D66B11DBC54F}.Release|Any CPU.ActiveCfg = Release|Any CPU
		{CE1E50E8-ECFC-4C2A-8B9A-D66B11DBC54F}.Release|Any CPU.Build.0 = Release|Any CPU
	EndGlobalSection
	GlobalSection(SolutionProperties) = preSolution
		HideSolutionNode = FALSE
	EndGlobalSection
	GlobalSection(ExtensibilityGlobals) = postSolution
		SolutionGuid = {1A831775-4FF2-4E8E-9C5A-B1B1F513AF7D}
	EndGlobalSection
EndGlobal
